
Microsoft Visual Studio Solution File, Format Version 12.00
# Visual Studio 15
VisualStudioVersion = 15.0.26124.0
MinimumVisualStudioVersion = 15.0.26124.0
Project("{FAE04EC0-301F-11D3-BF4B-00C04F79EFBC}") = "IonicResearch.API", "IonicResearch.API\IonicResearch.API.csproj", "{CE18ECC5-550C-4784-B8F3-C085B9DB7CAB}"
EndProject
Project("{FAE04EC0-301F-11D3-BF4B-00C04F79EFBC}") = "IonicResearch.Data", "IonicResearch.Data\IonicResearch.Data.csproj", "{857A14C8-4DB1-4284-AE63-4D27B231FED6}"
EndProject
Global
	GlobalSection(SolutionConfigurationPlatforms) = preSolution
		Debug|Any CPU = Debug|Any CPU
		Debug|x64 = Debug|x64
		Debug|x86 = Debug|x86
		Release|Any CPU = Release|Any CPU
		Release|x64 = Release|x64
		Release|x86 = Release|x86
	EndGlobalSection
	GlobalSection(SolutionProperties) = preSolution
		HideSolutionNode = FALSE
	EndGlobalSection
	GlobalSection(ProjectConfigurationPlatforms) = postSolution
		{CE18ECC5-550C-4784-B8F3-C085B9DB7CAB}.Debug|Any CPU.ActiveCfg = Debug|Any CPU
		{CE18ECC5-550C-4784-B8F3-C085B9DB7CAB}.Debug|Any CPU.Build.0 = Debug|Any CPU
		{CE18ECC5-550C-4784-B8F3-C085B9DB7CAB}.Debug|x64.ActiveCfg = Debug|Any CPU
		{CE18ECC5-550C-4784-B8F3-C085B9DB7CAB}.Debug|x64.Build.0 = Debug|Any CPU
		{CE18ECC5-550C-4784-B8F3-C085B9DB7CAB}.Debug|x86.ActiveCfg = Debug|Any CPU
		{CE18ECC5-550C-4784-B8F3-C085B9DB7CAB}.Debug|x86.Build.0 = Debug|Any CPU
		{CE18ECC5-550C-4784-B8F3-C085B9DB7CAB}.Release|Any CPU.ActiveCfg = Release|Any CPU
		{CE18ECC5-550C-4784-B8F3-C085B9DB7CAB}.Release|Any CPU.Build.0 = Release|Any CPU
		{CE18ECC5-550C-4784-B8F3-C085B9DB7CAB}.Release|x64.ActiveCfg = Release|Any CPU
		{CE18ECC5-550C-4784-B8F3-C085B9DB7CAB}.Release|x64.Build.0 = Release|Any CPU
		{CE18ECC5-550C-4784-B8F3-C085B9DB7CAB}.Release|x86.ActiveCfg = Release|Any CPU
		{CE18ECC5-550C-4784-B8F3-C085B9DB7CAB}.Release|x86.Build.0 = Release|Any CPU
		{857A14C8-4DB1-4284-AE63-4D27B231FED6}.Debug|Any CPU.ActiveCfg = Debug|Any CPU
		{857A14C8-4DB1-4284-AE63-4D27B231FED6}.Debug|Any CPU.Build.0 = Debug|Any CPU
		{857A14C8-4DB1-4284-AE63-4D27B231FED6}.Debug|x64.ActiveCfg = Debug|Any CPU
		{857A14C8-4DB1-4284-AE63-4D27B231FED6}.Debug|x64.Build.0 = Debug|Any CPU
		{857A14C8-4DB1-4284-AE63-4D27B231FED6}.Debug|x86.ActiveCfg = Debug|Any CPU
		{857A14C8-4DB1-4284-AE63-4D27B231FED6}.Debug|x86.Build.0 = Debug|Any CPU
		{857A14C8-4DB1-4284-AE63-4D27B231FED6}.Release|Any CPU.ActiveCfg = Release|Any CPU
		{857A14C8-4DB1-4284-AE63-4D27B231FED6}.Release|Any CPU.Build.0 = Release|Any CPU
		{857A14C8-4DB1-4284-AE63-4D27B231FED6}.Release|x64.ActiveCfg = Release|Any CPU
		{857A14C8-4DB1-4284-AE63-4D27B231FED6}.Release|x64.Build.0 = Release|Any CPU
		{857A14C8-4DB1-4284-AE63-4D27B231FED6}.Release|x86.ActiveCfg = Release|Any CPU
		{857A14C8-4DB1-4284-AE63-4D27B231FED6}.Release|x86.Build.0 = Release|Any CPU
	EndGlobalSection
EndGlobal
